<?xml version="1.0" encoding="UTF-8" standalone="yes" ?>
<CodeBlocks_project_file>
	<FileVersion major="1" minor="6" />
	<Project>
		<Option title="Czolgi" />
		<Option platforms="Windows;" />
		<Option pch_mode="2" />
		<Option compiler="gcc" />
		<Build>
			<Target title="Debug">
				<Option platforms="Windows;" />
				<Option output="bin/Debug/Czolgi" prefix_auto="1" extension_auto="1" />
				<Option object_output="obj/Debug/" />
				<Option type="0" />
				<Option compiler="gcc" />
				<Compiler>
					<Add option="-march=core2" />
					<Add option="-g" />
					<Add directory="../../../../../Program Files (x86)/CodeBlocks/MinGW/include" />
				</Compiler>
				<Linker>
					<Add library="C:/Program Files (x86)/CodeBlocks/MinGW/lib/liballegro_monolith-debug.dll.a" />
				</Linker>
				<ExtraCommands>
					<Add after='cmd /c xcopy &quot;$(PROJECT_DIR)\pliki gry&quot; &quot;$(PROJECT_DIR)\bin\Debug\&quot; /y' />
					<Add after='cmd /c xcopy &quot;$(PROJECT_DIR)\Dlls\allegro_monolith-debug-5.2.dll&quot; &quot;$(PROJECT_DIR)\bin\Debug\&quot; /y' />
					<Mode after="always" />
				</ExtraCommands>
			</Target>
			<Target title="Release">
				<Option platforms="Windows;" />
				<Option output="bin/Release/Czolgi" prefix_auto="1" extension_auto="1" />
				<Option object_output="obj/Release/" />
				<Option type="0" />
				<Option compiler="gcc" />
				<Compiler>
					<Add option="-march=core2" />
					<Add directory="../../../../../Program Files (x86)/CodeBlocks/MinGW/include" />
				</Compiler>
				<Linker>
					<Add library="C:/Program Files (x86)/CodeBlocks/MinGW/lib/liballegro_monolith.dll.a" />
				</Linker>
				<ExtraCommands>
					<Add after='cmd /c xcopy &quot;$(PROJECT_DIR)\pliki gry&quot; &quot;$(PROJECT_DIR)\bin\Release\&quot; /y' />
					<Add after='cmd /c xcopy &quot;$(PROJECT_DIR)\Dlls\allegro_monolith-5.2.dll&quot; &quot;$(PROJECT_DIR)\bin\Release\&quot; /y' />
					<Mode after="always" />
				</ExtraCommands>
			</Target>
		</Build>
		<Compiler>
			<Add option="-Wall" />
		</Compiler>
		<Unit filename="aStar.cpp" />
		<Unit filename="aStar.hpp" />
		<Unit filename="allegroconfig.cpp" />
		<Unit filename="allegroconfig.hpp" />
		<Unit filename="bonus.cpp" />
		<Unit filename="bonus.hpp" />
		<Unit filename="config.hpp" />
		<Unit filename="enemy.cpp" />
		<Unit filename="enemy.hpp" />
		<Unit filename="explosion.cpp" />
		<Unit filename="explosion.hpp" />
		<Unit filename="main.cpp" />
		<Unit filename="main.hpp" />
		<Unit filename="menu.cpp" />
		<Unit filename="menu.hpp" />
		<Unit filename="player.cpp" />
		<Unit filename="player.hpp" />
		<Unit filename="rocket.cpp" />
		<Unit filename="rocket.hpp" />
		<Unit filename="wall.cpp" />
		<Unit filename="wall.hpp" />
		<Extensions>
			<AutoVersioning>
				<Scheme minor_max="10" build_max="0" rev_max="0" rev_rand_max="10" build_times_to_increment_minor="100" />
				<Settings autoincrement="1" date_declarations="1" use_define="0" update_manifest="0" do_auto_increment="0" ask_to_increment="0" language="C++" svn="0" svn_directory="" header_path="version.h" />
				<Changes_Log show_changes_editor="0" app_title="released version %M.%m.%b of %p" changeslog_path="ChangesLog.txt" />
				<Code header_guard="VERSION_H" namespace="AutoVersion" prefix="" />
			</AutoVersioning>
			<code_completion />
			<envvars />
			<debugger />
		</Extensions>
	</Project>
</CodeBlocks_project_file>
